
Microsoft Visual Studio Solution File, Format Version 12.00
# Visual Studio 15
VisualStudioVersion = 15.0.27428.2043
MinimumVisualStudioVersion = 10.0.40219.1
Project("{FAE04EC0-301F-11D3-BF4B-00C04F79EFBC}") = "devdap-software", "devdap-software\devdap-software.csproj", "{0FE54639-A80D-4481-B7B3-F568BD1619FD}"
EndProject
Global
	GlobalSection(SolutionConfigurationPlatforms) = preSolution
		Debug|Any CPU = Debug|Any CPU
		Release|Any CPU = Release|Any CPU
	EndGlobalSection
	GlobalSection(ProjectConfigurationPlatforms) = postSolution
		{0FE54639-A80D-4481-B7B3-F568BD1619FD}.Debug|Any CPU.ActiveCfg = Debug|Any CPU
		{0FE54639-A80D-4481-B7B3-F568BD1619FD}.Debug|Any CPU.Build.0 = Debug|Any CPU
		{0FE54639-A80D-4481-B7B3-F568BD1619FD}.Release|Any CPU.ActiveCfg = Release|Any CPU
		{0FE54639-A80D-4481-B7B3-F568BD1619FD}.Release|Any CPU.Build.0 = Release|Any CPU
	EndGlobalSection
	GlobalSection(SolutionProperties) = preSolution
		HideSolutionNode = FALSE
	EndGlobalSection
	GlobalSection(ExtensibilityGlobals) = postSolution
		SolutionGuid = {CE80F9C4-FF0B-46AF-B58B-803175EBCD5E}
	EndGlobalSection
EndGlobal
